
Microsoft Visual Studio Solution File, Format Version 12.00
# Visual Studio Version 16
VisualStudioVersion = 16.0.30413.136
MinimumVisualStudioVersion = 10.0.40219.1
Project("{FAE04EC0-301F-11D3-BF4B-00C04F79EFBC}") = "QUANLYCUAHANGBANSACH", "QUANLYCUAHANGBANSACH\QUANLYCUAHANGBANSACH.csproj", "{ED710C62-2203-4EBD-B267-427E306C91A3}"
EndProject
Global
	GlobalSection(SolutionConfigurationPlatforms) = preSolution
		Debug|Any CPU = Debug|Any CPU
		Release|Any CPU = Release|Any CPU
	EndGlobalSection
	GlobalSection(ProjectConfigurationPlatforms) = postSolution
		{ED710C62-2203-4EBD-B267-427E306C91A3}.Debug|Any CPU.ActiveCfg = Debug|Any CPU
		{ED710C62-2203-4EBD-B267-427E306C91A3}.Debug|Any CPU.Build.0 = Debug|Any CPU
		{ED710C62-2203-4EBD-B267-427E306C91A3}.Release|Any CPU.ActiveCfg = Release|Any CPU
		{ED710C62-2203-4EBD-B267-427E306C91A3}.Release|Any CPU.Build.0 = Release|Any CPU
	EndGlobalSection
	GlobalSection(SolutionProperties) = preSolution
		HideSolutionNode = FALSE
	EndGlobalSection
	GlobalSection(ExtensibilityGlobals) = postSolution
		SolutionGuid = {071AD89C-B91A-413C-B608-A99A1992BC8F}
	EndGlobalSection
EndGlobal
